Microsoft Visual Studio Solution File, Format Version 12.00
# Visual Studio Version 17
VisualStudioVersion = 17.5.2.0
MinimumVisualStudioVersion = 10.0.40219.1
Project("{FAE04EC0-301F-11D3-BF4B-00C04F79EFBC}") = "SubscriptionTracker.UnitTests", "SubscriptionTracker.UnitTests\SubscriptionTracker.UnitTests.csproj", "{FB6835AE-B870-666E-A1E9-ED6D94420F42}"
EndProject
Project("{FAE04EC0-301F-11D3-BF4B-00C04F79EFBC}") = "SubscriptionTracker", "SubscriptionTracker\SubscriptionTracker.csproj", "{853F1A9E-51A5-D9BD-E1F1-3F2B9960B913}"
EndProject
Global
	GlobalSection(SolutionConfigurationPlatforms) = preSolution
		Debug|Any CPU = Debug|Any CPU
		Release|Any CPU = Release|Any CPU
	EndGlobalSection
	GlobalSection(ProjectConfigurationPlatforms) = postSolution
		{FB6835AE-B870-666E-A1E9-ED6D94420F42}.Debug|Any CPU.ActiveCfg = Debug|Any CPU
		{FB6835AE-B870-666E-A1E9-ED6D94420F42}.Debug|Any CPU.Build.0 = Debug|Any CPU
		{FB6835AE-B870-666E-A1E9-ED6D94420F42}.Release|Any CPU.ActiveCfg = Release|Any CPU
		{FB6835AE-B870-666E-A1E9-ED6D94420F42}.Release|Any CPU.Build.0 = Release|Any CPU
		{853F1A9E-51A5-D9BD-E1F1-3F2B9960B913}.Debug|Any CPU.ActiveCfg = Debug|Any CPU
		{853F1A9E-51A5-D9BD-E1F1-3F2B9960B913}.Debug|Any CPU.Build.0 = Debug|Any CPU
		{853F1A9E-51A5-D9BD-E1F1-3F2B9960B913}.Release|Any CPU.ActiveCfg = Release|Any CPU
		{853F1A9E-51A5-D9BD-E1F1-3F2B9960B913}.Release|Any CPU.Build.0 = Release|Any CPU
	EndGlobalSection
	GlobalSection(SolutionProperties) = preSolution
		HideSolutionNode = FALSE
	EndGlobalSection
	GlobalSection(ExtensibilityGlobals) = postSolution
		SolutionGuid = {D588E619-A6E4-4BBD-923A-7DC74E6DA922}
	EndGlobalSection
EndGlobal
